
Microsoft Visual Studio Solution File, Format Version 12.00
# Visual Studio Version 16
VisualStudioVersion = 16.0.31829.152
MinimumVisualStudioVersion = 10.0.40219.1
Project("{FAE04EC0-301F-11D3-BF4B-00C04F79EFBC}") = "Calculator", "Calculator\Calculator.csproj", "{96F57F1D-5B09-4EC4-9E48-69B1715D4262}"
EndProject
Global
	GlobalSection(SolutionConfigurationPlatforms) = preSolution
		Debug|Any CPU = Debug|Any CPU
		Release|Any CPU = Release|Any CPU
	EndGlobalSection
	GlobalSection(ProjectConfigurationPlatforms) = postSolution
		{96F57F1D-5B09-4EC4-9E48-69B1715D4262}.Debug|Any CPU.ActiveCfg = Debug|Any CPU
		{96F57F1D-5B09-4EC4-9E48-69B1715D4262}.Debug|Any CPU.Build.0 = Debug|Any CPU
		{96F57F1D-5B09-4EC4-9E48-69B1715D4262}.Debug|Any CPU.Deploy.0 = Debug|Any CPU
		{96F57F1D-5B09-4EC4-9E48-69B1715D4262}.Release|Any CPU.ActiveCfg = Release|Any CPU
		{96F57F1D-5B09-4EC4-9E48-69B1715D4262}.Release|Any CPU.Build.0 = Release|Any CPU
		{96F57F1D-5B09-4EC4-9E48-69B1715D4262}.Release|Any CPU.Deploy.0 = Release|Any CPU
	EndGlobalSection
	GlobalSection(SolutionProperties) = preSolution
		HideSolutionNode = FALSE
	EndGlobalSection
	GlobalSection(ExtensibilityGlobals) = postSolution
		SolutionGuid = {E9E31B0B-6C3E-43B8-8C2D-3E73051E3D2A}
	EndGlobalSection
EndGlobal
